
Microsoft Visual Studio Solution File, Format Version 12.00
# Visual Studio Version 16
VisualStudioVersion = 16.0.30413.136
MinimumVisualStudioVersion = 10.0.40219.1
Project("{FAE04EC0-301F-11D3-BF4B-00C04F79EFBC}") = "Safak.Entities", "Safak.Entities\Safak.Entities.csproj", "{50F97182-3C4E-4B71-944B-5FFAF8C7A7E2}"
EndProject
Project("{FAE04EC0-301F-11D3-BF4B-00C04F79EFBC}") = "Safak.DataAccess", "Safak.DataAccess\Safak.DataAccess.csproj", "{4495C153-3F0F-41D8-9F6D-5D4F59961BE7}"
EndProject
Project("{FAE04EC0-301F-11D3-BF4B-00C04F79EFBC}") = "Safak.Business", "Safak.Business\Safak.Business.csproj", "{7CE969F4-72E2-4017-B949-166E0F488BE3}"
EndProject
Project("{FAE04EC0-301F-11D3-BF4B-00C04F79EFBC}") = "Safak.Core", "Safak.Core\Safak.Core.csproj", "{48750F4D-3362-4CF1-81C3-5B6CDBEE6BEF}"
EndProject
Project("{FAE04EC0-301F-11D3-BF4B-00C04F79EFBC}") = "Safak.WebAPI", "Safak.WebAPI\Safak.WebAPI.csproj", "{57746335-2E66-4221-97D5-A673943DD60F}"
EndProject
Global
	GlobalSection(SolutionConfigurationPlatforms) = preSolution
		Debug|Any CPU = Debug|Any CPU
		Release|Any CPU = Release|Any CPU
	EndGlobalSection
	GlobalSection(ProjectConfigurationPlatforms) = postSolution
		{50F97182-3C4E-4B71-944B-5FFAF8C7A7E2}.Debug|Any CPU.ActiveCfg = Debug|Any CPU
		{50F97182-3C4E-4B71-944B-5FFAF8C7A7E2}.Debug|Any CPU.Build.0 = Debug|Any CPU
		{50F97182-3C4E-4B71-944B-5FFAF8C7A7E2}.Release|Any CPU.ActiveCfg = Release|Any CPU
		{50F97182-3C4E-4B71-944B-5FFAF8C7A7E2}.Release|Any CPU.Build.0 = Release|Any CPU
		{4495C153-3F0F-41D8-9F6D-5D4F59961BE7}.Debug|Any CPU.ActiveCfg = Debug|Any CPU
		{4495C153-3F0F-41D8-9F6D-5D4F59961BE7}.Debug|Any CPU.Build.0 = Debug|Any CPU
		{4495C153-3F0F-41D8-9F6D-5D4F59961BE7}.Release|Any CPU.ActiveCfg = Release|Any CPU
		{4495C153-3F0F-41D8-9F6D-5D4F59961BE7}.Release|Any CPU.Build.0 = Release|Any CPU
		{7CE969F4-72E2-4017-B949-166E0F488BE3}.Debug|Any CPU.ActiveCfg = Debug|Any CPU
		{7CE969F4-72E2-4017-B949-166E0F488BE3}.Debug|Any CPU.Build.0 = Debug|Any CPU
		{7CE969F4-72E2-4017-B949-166E0F488BE3}.Release|Any CPU.ActiveCfg = Release|Any CPU
		{7CE969F4-72E2-4017-B949-166E0F488BE3}.Release|Any CPU.Build.0 = Release|Any CPU
		{48750F4D-3362-4CF1-81C3-5B6CDBEE6BEF}.Debug|Any CPU.ActiveCfg = Debug|Any CPU
		{48750F4D-3362-4CF1-81C3-5B6CDBEE6BEF}.Debug|Any CPU.Build.0 = Debug|Any CPU
		{48750F4D-3362-4CF1-81C3-5B6CDBEE6BEF}.Release|Any CPU.ActiveCfg = Release|Any CPU
		{48750F4D-3362-4CF1-81C3-5B6CDBEE6BEF}.Release|Any CPU.Build.0 = Release|Any CPU
		{57746335-2E66-4221-97D5-A673943DD60F}.Debug|Any CPU.ActiveCfg = Debug|Any CPU
		{57746335-2E66-4221-97D5-A673943DD60F}.Debug|Any CPU.Build.0 = Debug|Any CPU
		{57746335-2E66-4221-97D5-A673943DD60F}.Release|Any CPU.ActiveCfg = Release|Any CPU
		{57746335-2E66-4221-97D5-A673943DD60F}.Release|Any CPU.Build.0 = Release|Any CPU
	EndGlobalSection
	GlobalSection(SolutionProperties) = preSolution
		HideSolutionNode = FALSE
	EndGlobalSection
	GlobalSection(ExtensibilityGlobals) = postSolution
		SolutionGuid = {2DA2255A-A45F-4A09-895A-AA7767721CFB}
	EndGlobalSection
EndGlobal
